
Microsoft Visual Studio Solution File, Format Version 12.00
# Visual Studio 15
VisualStudioVersion = 15.0.28010.2050
MinimumVisualStudioVersion = 10.0.40219.1
Project("{FAE04EC0-301F-11D3-BF4B-00C04F79EFBC}") = "marcTank", "marcTank\marcTank.csproj", "{853C2630-59FC-4BE0-AFB9-F2AC8D6D2D32}"
EndProject
Project("{FAE04EC0-301F-11D3-BF4B-00C04F79EFBC}") = "marcTankTests", "marcTankTests\marcTankTests.csproj", "{7FA77C7F-26CE-4090-A9A6-52C38B080CCC}"
EndProject
Global
	GlobalSection(SolutionConfigurationPlatforms) = preSolution
		Debug|Any CPU = Debug|Any CPU
		Release|Any CPU = Release|Any CPU
	EndGlobalSection
	GlobalSection(ProjectConfigurationPlatforms) = postSolution
		{853C2630-59FC-4BE0-AFB9-F2AC8D6D2D32}.Debug|Any CPU.ActiveCfg = Debug|Any CPU
		{853C2630-59FC-4BE0-AFB9-F2AC8D6D2D32}.Debug|Any CPU.Build.0 = Debug|Any CPU
		{853C2630-59FC-4BE0-AFB9-F2AC8D6D2D32}.Release|Any CPU.ActiveCfg = Release|Any CPU
		{853C2630-59FC-4BE0-AFB9-F2AC8D6D2D32}.Release|Any CPU.Build.0 = Release|Any CPU
		{7FA77C7F-26CE-4090-A9A6-52C38B080CCC}.Debug|Any CPU.ActiveCfg = Debug|Any CPU
		{7FA77C7F-26CE-4090-A9A6-52C38B080CCC}.Debug|Any CPU.Build.0 = Debug|Any CPU
		{7FA77C7F-26CE-4090-A9A6-52C38B080CCC}.Release|Any CPU.ActiveCfg = Release|Any CPU
		{7FA77C7F-26CE-4090-A9A6-52C38B080CCC}.Release|Any CPU.Build.0 = Release|Any CPU
	EndGlobalSection
	GlobalSection(SolutionProperties) = preSolution
		HideSolutionNode = FALSE
	EndGlobalSection
	GlobalSection(ExtensibilityGlobals) = postSolution
		SolutionGuid = {8FE3374B-B187-4AD1-9970-437A00925403}
	EndGlobalSection
EndGlobal
